
Microsoft Visual Studio Solution File, Format Version 12.00
# Visual Studio 2012
Project("{8BC9CEB8-8B4A-11D0-8D11-00A0C91BC942}") = "CHIBI-Game", "CHIBI-Game.vcxproj", "{5BD3D395-7A25-4B2D-A03E-732944DB4E50}"
EndProject
Project("{2150E333-8FDC-42A3-9474-1A3956D46DE8}") = "Solution Items", "Solution Items", "{18F20215-443B-4740-B732-07BB87D96BF7}"
	ProjectSection(SolutionItems) = preProject
		Performance1.psess = Performance1.psess
	EndProjectSection
EndProject
Global
	GlobalSection(SolutionConfigurationPlatforms) = preSolution
		Debug|Win32 = Debug|Win32
		Release|Win32 = Release|Win32
	EndGlobalSection
	GlobalSection(ProjectConfigurationPlatforms) = postSolution
		{5BD3D395-7A25-4B2D-A03E-732944DB4E50}.Debug|Win32.ActiveCfg = Debug|Win32
		{5BD3D395-7A25-4B2D-A03E-732944DB4E50}.Debug|Win32.Build.0 = Debug|Win32
		{5BD3D395-7A25-4B2D-A03E-732944DB4E50}.Release|Win32.ActiveCfg = Release|Win32
		{5BD3D395-7A25-4B2D-A03E-732944DB4E50}.Release|Win32.Build.0 = Release|Win32
	EndGlobalSection
	GlobalSection(SolutionProperties) = preSolution
		HideSolutionNode = FALSE
	EndGlobalSection
EndGlobal
